
Microsoft Visual Studio Solution File, Format Version 12.00
# Visual Studio Version 16
VisualStudioVersion = 16.0.30225.117
MinimumVisualStudioVersion = 10.0.40219.1
Project("{FAE04EC0-301F-11D3-BF4B-00C04F79EFBC}") = "ExchangerBlue", "ExchangerBlue\ExchangerBlue.csproj", "{70128F68-BC39-4C29-928A-B4A264665FFC}"
EndProject
Global
	GlobalSection(SolutionConfigurationPlatforms) = preSolution
		Debug|Any CPU = Debug|Any CPU
		Release|Any CPU = Release|Any CPU
	EndGlobalSection
	GlobalSection(ProjectConfigurationPlatforms) = postSolution
		{70128F68-BC39-4C29-928A-B4A264665FFC}.Debug|Any CPU.ActiveCfg = Debug|Any CPU
		{70128F68-BC39-4C29-928A-B4A264665FFC}.Debug|Any CPU.Build.0 = Debug|Any CPU
		{70128F68-BC39-4C29-928A-B4A264665FFC}.Release|Any CPU.ActiveCfg = Release|Any CPU
		{70128F68-BC39-4C29-928A-B4A264665FFC}.Release|Any CPU.Build.0 = Release|Any CPU
	EndGlobalSection
	GlobalSection(SolutionProperties) = preSolution
		HideSolutionNode = FALSE
	EndGlobalSection
	GlobalSection(ExtensibilityGlobals) = postSolution
		SolutionGuid = {C716E76F-8970-41B6-A95D-B77CCBA7159B}
	EndGlobalSection
EndGlobal
